{
  "requires": true,
  "lockfileVersion": 1,
  "dependencies": {
    "cloudinary": {
      "version": "1.9.1",
      "resolved": "https://registry.npmjs.org/cloudinary/-/cloudinary-1.9.1.tgz",
      "integrity": "sha512-VfeDkEmamZ5R5BWpMs4rPLwaVDjONE2zxLOrqV+lKzLeqn2TTvEAy/CRQxUmcdxFLJ96gl62LUn+IoUMiYiuYw==",
      "requires": {
        "lodash": "3.10.1",
        "q": "1.4.1"
      }
    },
    "lodash": {
      "version": "3.10.1",
      "resolved": "https://registry.npmjs.org/lodash/-/lodash-3.10.1.tgz",
      "integrity": "sha1-W/Rejkm6QYnhfUgnid/RW9FAt7Y="
    },
    "nodemailer": {
      "version": "4.4.1",
      "resolved": "https://registry.npmjs.org/nodemailer/-/nodemailer-4.4.1.tgz",
      "integrity": "sha512-1bnszJJXatcHJhLpxQ1XMkLDjCjPKvGKMtRQ73FOsoNln3UQjddEQmz6fAwM3aj0GtQ3dQX9qtMHPelz63GU7A=="
    },
    "q": {
      "version": "1.4.1",
      "resolved": "https://registry.npmjs.org/q/-/q-1.4.1.tgz",
      "integrity": "sha1-VXBbzZPF82c1MMLCy8DCs63cKG4="
    }
  }
}
